
Microsoft Visual Studio Solution File, Format Version 12.00
# Visual Studio Version 16
VisualStudioVersion = 16.0.32802.440
MinimumVisualStudioVersion = 10.0.40219.1
Project("{FAE04EC0-301F-11D3-BF4B-00C04F79EFBC}") = "ImportExcelToDatabase", "ImportExcelToDatabase\ImportExcelToDatabase.csproj", "{62E2CBEE-103F-4F51-9383-04F729A1A52F}"
EndProject
Global
	GlobalSection(SolutionConfigurationPlatforms) = preSolution
		Debug|Any CPU = Debug|Any CPU
		Release|Any CPU = Release|Any CPU
	EndGlobalSection
	GlobalSection(ProjectConfigurationPlatforms) = postSolution
		{62E2CBEE-103F-4F51-9383-04F729A1A52F}.Debug|Any CPU.ActiveCfg = Debug|Any CPU
		{62E2CBEE-103F-4F51-9383-04F729A1A52F}.Debug|Any CPU.Build.0 = Debug|Any CPU
		{62E2CBEE-103F-4F51-9383-04F729A1A52F}.Release|Any CPU.ActiveCfg = Release|Any CPU
		{62E2CBEE-103F-4F51-9383-04F729A1A52F}.Release|Any CPU.Build.0 = Release|Any CPU
	EndGlobalSection
	GlobalSection(SolutionProperties) = preSolution
		HideSolutionNode = FALSE
	EndGlobalSection
	GlobalSection(ExtensibilityGlobals) = postSolution
		SolutionGuid = {20103350-477E-46CD-AF58-05722EC5544B}
	EndGlobalSection
EndGlobal
